
Microsoft Visual Studio Solution File, Format Version 12.00
# Visual Studio Version 17
VisualStudioVersion = 17.4.33122.133
MinimumVisualStudioVersion = 10.0.40219.1
Project("{9A19103F-16F7-4668-BE54-9A1E7A4F7556}") = "AdventOfCode2020", "2020\csharp\AdventOfCode2020.csproj", "{F282E6AA-C031-4C63-8C30-D3EAD1EA8B22}"
EndProject
Project("{9A19103F-16F7-4668-BE54-9A1E7A4F7556}") = "AdventOfCode2022", "2022\csharp\AdventOfCode2022.csproj", "{9AF559CC-6B43-4F84-95A8-1DE269BD4706}"
EndProject
Project("{FAE04EC0-301F-11D3-BF4B-00C04F79EFBC}") = "AdventOfCode.Common", "common\csharp\AdventOfCode.Common\AdventOfCode.Common.csproj", "{2D1498DC-B368-4A76-84A9-9E409CC057F4}"
EndProject
Project("{FAE04EC0-301F-11D3-BF4B-00C04F79EFBC}") = "AdventOfCode.Common.Test", "common\csharp\AdventOfCode.Common.Test\AdventOfCode.Common.Test.csproj", "{2F2DA960-043E-4C2D-B8B7-A18CA55F4B12}"
EndProject
Global
	GlobalSection(SolutionConfigurationPlatforms) = preSolution
		Debug|Any CPU = Debug|Any CPU
		Release|Any CPU = Release|Any CPU
	EndGlobalSection
	GlobalSection(ProjectConfigurationPlatforms) = postSolution
		{F282E6AA-C031-4C63-8C30-D3EAD1EA8B22}.Debug|Any CPU.ActiveCfg = Debug|Any CPU
		{F282E6AA-C031-4C63-8C30-D3EAD1EA8B22}.Debug|Any CPU.Build.0 = Debug|Any CPU
		{F282E6AA-C031-4C63-8C30-D3EAD1EA8B22}.Release|Any CPU.ActiveCfg = Release|Any CPU
		{F282E6AA-C031-4C63-8C30-D3EAD1EA8B22}.Release|Any CPU.Build.0 = Release|Any CPU
		{9AF559CC-6B43-4F84-95A8-1DE269BD4706}.Debug|Any CPU.ActiveCfg = Debug|Any CPU
		{9AF559CC-6B43-4F84-95A8-1DE269BD4706}.Debug|Any CPU.Build.0 = Debug|Any CPU
		{9AF559CC-6B43-4F84-95A8-1DE269BD4706}.Release|Any CPU.ActiveCfg = Release|Any CPU
		{9AF559CC-6B43-4F84-95A8-1DE269BD4706}.Release|Any CPU.Build.0 = Release|Any CPU
		{2D1498DC-B368-4A76-84A9-9E409CC057F4}.Debug|Any CPU.ActiveCfg = Debug|Any CPU
		{2D1498DC-B368-4A76-84A9-9E409CC057F4}.Debug|Any CPU.Build.0 = Debug|Any CPU
		{2D1498DC-B368-4A76-84A9-9E409CC057F4}.Release|Any CPU.ActiveCfg = Release|Any CPU
		{2D1498DC-B368-4A76-84A9-9E409CC057F4}.Release|Any CPU.Build.0 = Release|Any CPU
		{2F2DA960-043E-4C2D-B8B7-A18CA55F4B12}.Debug|Any CPU.ActiveCfg = Debug|Any CPU
		{2F2DA960-043E-4C2D-B8B7-A18CA55F4B12}.Debug|Any CPU.Build.0 = Debug|Any CPU
		{2F2DA960-043E-4C2D-B8B7-A18CA55F4B12}.Release|Any CPU.ActiveCfg = Release|Any CPU
		{2F2DA960-043E-4C2D-B8B7-A18CA55F4B12}.Release|Any CPU.Build.0 = Release|Any CPU
	EndGlobalSection
	GlobalSection(SolutionProperties) = preSolution
		HideSolutionNode = FALSE
	EndGlobalSection
	GlobalSection(ExtensibilityGlobals) = postSolution
		SolutionGuid = {FE41056F-9B2A-4EAB-96C8-7D46A0486D67}
	EndGlobalSection
EndGlobal
