
Microsoft Visual Studio Solution File, Format Version 12.00
# Visual Studio Version 16
VisualStudioVersion = 16.0.30011.22
MinimumVisualStudioVersion = 10.0.40219.1
Project("{6EC3EE1D-3C4E-46DD-8F32-0CC8E7565705}") = "Day01", "Day01\Day01.fsproj", "{5C6D812C-A188-4FEB-93AF-0EFFC49D4DB9}"
EndProject
Project("{F2A71F9B-5D33-465A-A702-920D77279786}") = "Day02", "Day02\Day02.fsproj", "{2EE8AE67-0A8C-4BF0-8010-34688F0790A3}"
EndProject
Project("{F2A71F9B-5D33-465A-A702-920D77279786}") = "Day03", "Day03\Day03.fsproj", "{6A21F544-7FB5-4A13-A412-910F3FC0770A}"
EndProject
Project("{F2A71F9B-5D33-465A-A702-920D77279786}") = "Day04", "Day04\Day04.fsproj", "{E415768F-EC6E-4E97-BAE3-DF99F5D30E1F}"
EndProject
Project("{F2A71F9B-5D33-465A-A702-920D77279786}") = "Day05", "Day05\Day05.fsproj", "{C041484F-6F50-4F4A-80FE-FE0EC4A50FD3}"
EndProject
Project("{F2A71F9B-5D33-465A-A702-920D77279786}") = "Day06", "Day06\Day06.fsproj", "{4CDFD197-06EB-48B0-AE8B-2237B52A087E}"
EndProject
Global
	GlobalSection(SolutionConfigurationPlatforms) = preSolution
		Debug|Any CPU = Debug|Any CPU
		Release|Any CPU = Release|Any CPU
	EndGlobalSection
	GlobalSection(ProjectConfigurationPlatforms) = postSolution
		{5C6D812C-A188-4FEB-93AF-0EFFC49D4DB9}.Debug|Any CPU.ActiveCfg = Debug|Any CPU
		{5C6D812C-A188-4FEB-93AF-0EFFC49D4DB9}.Debug|Any CPU.Build.0 = Debug|Any CPU
		{5C6D812C-A188-4FEB-93AF-0EFFC49D4DB9}.Release|Any CPU.ActiveCfg = Release|Any CPU
		{5C6D812C-A188-4FEB-93AF-0EFFC49D4DB9}.Release|Any CPU.Build.0 = Release|Any CPU
		{2EE8AE67-0A8C-4BF0-8010-34688F0790A3}.Debug|Any CPU.ActiveCfg = Debug|Any CPU
		{2EE8AE67-0A8C-4BF0-8010-34688F0790A3}.Debug|Any CPU.Build.0 = Debug|Any CPU
		{2EE8AE67-0A8C-4BF0-8010-34688F0790A3}.Release|Any CPU.ActiveCfg = Release|Any CPU
		{2EE8AE67-0A8C-4BF0-8010-34688F0790A3}.Release|Any CPU.Build.0 = Release|Any CPU
		{6A21F544-7FB5-4A13-A412-910F3FC0770A}.Debug|Any CPU.ActiveCfg = Debug|Any CPU
		{6A21F544-7FB5-4A13-A412-910F3FC0770A}.Debug|Any CPU.Build.0 = Debug|Any CPU
		{6A21F544-7FB5-4A13-A412-910F3FC0770A}.Release|Any CPU.ActiveCfg = Release|Any CPU
		{6A21F544-7FB5-4A13-A412-910F3FC0770A}.Release|Any CPU.Build.0 = Release|Any CPU
		{E415768F-EC6E-4E97-BAE3-DF99F5D30E1F}.Debug|Any CPU.ActiveCfg = Debug|Any CPU
		{E415768F-EC6E-4E97-BAE3-DF99F5D30E1F}.Debug|Any CPU.Build.0 = Debug|Any CPU
		{E415768F-EC6E-4E97-BAE3-DF99F5D30E1F}.Release|Any CPU.ActiveCfg = Release|Any CPU
		{E415768F-EC6E-4E97-BAE3-DF99F5D30E1F}.Release|Any CPU.Build.0 = Release|Any CPU
		{C041484F-6F50-4F4A-80FE-FE0EC4A50FD3}.Debug|Any CPU.ActiveCfg = Debug|Any CPU
		{C041484F-6F50-4F4A-80FE-FE0EC4A50FD3}.Debug|Any CPU.Build.0 = Debug|Any CPU
		{C041484F-6F50-4F4A-80FE-FE0EC4A50FD3}.Release|Any CPU.ActiveCfg = Release|Any CPU
		{C041484F-6F50-4F4A-80FE-FE0EC4A50FD3}.Release|Any CPU.Build.0 = Release|Any CPU
		{4CDFD197-06EB-48B0-AE8B-2237B52A087E}.Debug|Any CPU.ActiveCfg = Debug|Any CPU
		{4CDFD197-06EB-48B0-AE8B-2237B52A087E}.Debug|Any CPU.Build.0 = Debug|Any CPU
		{4CDFD197-06EB-48B0-AE8B-2237B52A087E}.Release|Any CPU.ActiveCfg = Release|Any CPU
		{4CDFD197-06EB-48B0-AE8B-2237B52A087E}.Release|Any CPU.Build.0 = Release|Any CPU
	EndGlobalSection
	GlobalSection(SolutionProperties) = preSolution
		HideSolutionNode = FALSE
	EndGlobalSection
	GlobalSection(ExtensibilityGlobals) = postSolution
		SolutionGuid = {930754C1-DC09-4F80-B0E1-FC9B0C208F0C}
	EndGlobalSection
EndGlobal
