
Microsoft Visual Studio Solution File, Format Version 12.00
# Visual Studio Version 16
VisualStudioVersion = 16.0.30011.22
MinimumVisualStudioVersion = 10.0.40219.1
Project("{F2A71F9B-5D33-465A-A702-920D77279786}") = "Day01", "Day01\Day01.fsproj", "{5C6D812C-A188-4FEB-93AF-0EFFC49D4DB9}"
EndProject
Global
	GlobalSection(SolutionConfigurationPlatforms) = preSolution
		Debug|Any CPU = Debug|Any CPU
		Release|Any CPU = Release|Any CPU
	EndGlobalSection
	GlobalSection(ProjectConfigurationPlatforms) = postSolution
		{5C6D812C-A188-4FEB-93AF-0EFFC49D4DB9}.Debug|Any CPU.ActiveCfg = Debug|Any CPU
		{5C6D812C-A188-4FEB-93AF-0EFFC49D4DB9}.Debug|Any CPU.Build.0 = Debug|Any CPU
		{5C6D812C-A188-4FEB-93AF-0EFFC49D4DB9}.Release|Any CPU.ActiveCfg = Release|Any CPU
		{5C6D812C-A188-4FEB-93AF-0EFFC49D4DB9}.Release|Any CPU.Build.0 = Release|Any CPU
	EndGlobalSection
	GlobalSection(SolutionProperties) = preSolution
		HideSolutionNode = FALSE
	EndGlobalSection
	GlobalSection(ExtensibilityGlobals) = postSolution
		SolutionGuid = {930754C1-DC09-4F80-B0E1-FC9B0C208F0C}
	EndGlobalSection
EndGlobal
