
Microsoft Visual Studio Solution File, Format Version 12.00
# Visual Studio Version 16
VisualStudioVersion = 16.0.30011.22
MinimumVisualStudioVersion = 10.0.40219.1
Project("{6EC3EE1D-3C4E-46DD-8F32-0CC8E7565705}") = "Day01", "Day01\Day01.fsproj", "{37575020-18AE-4315-93F3-874D3837B09A}"
EndProject
Project("{6EC3EE1D-3C4E-46DD-8F32-0CC8E7565705}") = "Day02", "Day02\Day02.fsproj", "{AE133A62-F71C-4311-A04B-03AD28B35EA9}"
EndProject
Project("{6EC3EE1D-3C4E-46DD-8F32-0CC8E7565705}") = "Day03", "Day03\Day03.fsproj", "{4A1BC988-D52B-4CDB-9514-3189FC5E5725}"
EndProject
Project("{F2A71F9B-5D33-465A-A702-920D77279786}") = "Day04", "Day04\Day04.fsproj", "{0426B1A5-2B0B-4C68-8348-EDB0BABD34C2}"
EndProject
Project("{F2A71F9B-5D33-465A-A702-920D77279786}") = "Day05", "Day05\Day05.fsproj", "{CDACA1E9-38EA-4EFB-BC1D-E45EA366F6A3}"
EndProject
Project("{F2A71F9B-5D33-465A-A702-920D77279786}") = "Day06", "Day06\Day06.fsproj", "{5BBDE4CD-1DDE-4A5A-BD4F-24E2A4E5A628}"
EndProject
Project("{F2A71F9B-5D33-465A-A702-920D77279786}") = "Day07", "Day07\Day07.fsproj", "{85294D09-4D66-4B42-8FA3-552E7635455B}"
EndProject
Global
	GlobalSection(SolutionConfigurationPlatforms) = preSolution
		Debug|Any CPU = Debug|Any CPU
		Release|Any CPU = Release|Any CPU
	EndGlobalSection
	GlobalSection(ProjectConfigurationPlatforms) = postSolution
		{37575020-18AE-4315-93F3-874D3837B09A}.Debug|Any CPU.ActiveCfg = Debug|Any CPU
		{37575020-18AE-4315-93F3-874D3837B09A}.Debug|Any CPU.Build.0 = Debug|Any CPU
		{37575020-18AE-4315-93F3-874D3837B09A}.Release|Any CPU.ActiveCfg = Release|Any CPU
		{37575020-18AE-4315-93F3-874D3837B09A}.Release|Any CPU.Build.0 = Release|Any CPU
		{AE133A62-F71C-4311-A04B-03AD28B35EA9}.Debug|Any CPU.ActiveCfg = Debug|Any CPU
		{AE133A62-F71C-4311-A04B-03AD28B35EA9}.Debug|Any CPU.Build.0 = Debug|Any CPU
		{AE133A62-F71C-4311-A04B-03AD28B35EA9}.Release|Any CPU.ActiveCfg = Release|Any CPU
		{AE133A62-F71C-4311-A04B-03AD28B35EA9}.Release|Any CPU.Build.0 = Release|Any CPU
		{4A1BC988-D52B-4CDB-9514-3189FC5E5725}.Debug|Any CPU.ActiveCfg = Debug|Any CPU
		{4A1BC988-D52B-4CDB-9514-3189FC5E5725}.Debug|Any CPU.Build.0 = Debug|Any CPU
		{4A1BC988-D52B-4CDB-9514-3189FC5E5725}.Release|Any CPU.ActiveCfg = Release|Any CPU
		{4A1BC988-D52B-4CDB-9514-3189FC5E5725}.Release|Any CPU.Build.0 = Release|Any CPU
		{0426B1A5-2B0B-4C68-8348-EDB0BABD34C2}.Debug|Any CPU.ActiveCfg = Debug|Any CPU
		{0426B1A5-2B0B-4C68-8348-EDB0BABD34C2}.Debug|Any CPU.Build.0 = Debug|Any CPU
		{0426B1A5-2B0B-4C68-8348-EDB0BABD34C2}.Release|Any CPU.ActiveCfg = Release|Any CPU
		{0426B1A5-2B0B-4C68-8348-EDB0BABD34C2}.Release|Any CPU.Build.0 = Release|Any CPU
		{CDACA1E9-38EA-4EFB-BC1D-E45EA366F6A3}.Debug|Any CPU.ActiveCfg = Debug|Any CPU
		{CDACA1E9-38EA-4EFB-BC1D-E45EA366F6A3}.Debug|Any CPU.Build.0 = Debug|Any CPU
		{CDACA1E9-38EA-4EFB-BC1D-E45EA366F6A3}.Release|Any CPU.ActiveCfg = Release|Any CPU
		{CDACA1E9-38EA-4EFB-BC1D-E45EA366F6A3}.Release|Any CPU.Build.0 = Release|Any CPU
		{5BBDE4CD-1DDE-4A5A-BD4F-24E2A4E5A628}.Debug|Any CPU.ActiveCfg = Debug|Any CPU
		{5BBDE4CD-1DDE-4A5A-BD4F-24E2A4E5A628}.Debug|Any CPU.Build.0 = Debug|Any CPU
		{5BBDE4CD-1DDE-4A5A-BD4F-24E2A4E5A628}.Release|Any CPU.ActiveCfg = Release|Any CPU
		{5BBDE4CD-1DDE-4A5A-BD4F-24E2A4E5A628}.Release|Any CPU.Build.0 = Release|Any CPU
		{85294D09-4D66-4B42-8FA3-552E7635455B}.Debug|Any CPU.ActiveCfg = Debug|Any CPU
		{85294D09-4D66-4B42-8FA3-552E7635455B}.Debug|Any CPU.Build.0 = Debug|Any CPU
		{85294D09-4D66-4B42-8FA3-552E7635455B}.Release|Any CPU.ActiveCfg = Release|Any CPU
		{85294D09-4D66-4B42-8FA3-552E7635455B}.Release|Any CPU.Build.0 = Release|Any CPU
	EndGlobalSection
	GlobalSection(SolutionProperties) = preSolution
		HideSolutionNode = FALSE
	EndGlobalSection
	GlobalSection(ExtensibilityGlobals) = postSolution
		SolutionGuid = {1D6141A2-DFAF-4425-AA59-579FFC8865DD}
	EndGlobalSection
EndGlobal
