
Microsoft Visual Studio Solution File, Format Version 12.00
# Visual Studio Version 16
VisualStudioVersion = 16.0.30011.22
MinimumVisualStudioVersion = 15.0.26124.0
Project("{6EC3EE1D-3C4E-46DD-8F32-0CC8E7565705}") = "Day01", "Day01\Day01.fsproj", "{40155A75-0748-4883-A697-EAAEF7F8524D}"
EndProject
Project("{6EC3EE1D-3C4E-46DD-8F32-0CC8E7565705}") = "Day01.Test", "Day01.Test\Day01.Test.fsproj", "{043CF181-A86C-4189-82C7-A65B7073984D}"
EndProject
Project("{6EC3EE1D-3C4E-46DD-8F32-0CC8E7565705}") = "Common", "Common\Common.fsproj", "{6FA3CD4E-EC01-4502-AAC2-E9C5C1AF4B02}"
EndProject
Project("{6EC3EE1D-3C4E-46DD-8F32-0CC8E7565705}") = "Common.Test", "Common.Test\Common.Test.fsproj", "{23EDE976-38D8-4D39-BF08-D6EDEC90F23A}"
EndProject
Project("{6EC3EE1D-3C4E-46DD-8F32-0CC8E7565705}") = "Day02", "Day02\Day02.fsproj", "{66A1A1C3-9A53-4ADE-9570-9C451B2BFB3A}"
EndProject
Project("{6EC3EE1D-3C4E-46DD-8F32-0CC8E7565705}") = "Day03", "Day03\Day03.fsproj", "{BA036997-C794-475A-B44D-6648E8DE4A5F}"
EndProject
Project("{6EC3EE1D-3C4E-46DD-8F32-0CC8E7565705}") = "Day04", "Day04\Day04.fsproj", "{0CD79E58-4D85-4A29-A98F-A91EFE328A54}"
EndProject
Project("{6EC3EE1D-3C4E-46DD-8F32-0CC8E7565705}") = "Day04.Test", "Day04.Test\Day04.Test.fsproj", "{BB976EC2-BEE4-4418-B75E-35397289B959}"
EndProject
Project("{6EC3EE1D-3C4E-46DD-8F32-0CC8E7565705}") = "Day05", "Day05\Day05.fsproj", "{E379F30C-AE3D-4A6E-A0C3-769B23CB2280}"
EndProject
Project("{6EC3EE1D-3C4E-46DD-8F32-0CC8E7565705}") = "Day06", "Day06\Day06.fsproj", "{A8464144-9B43-4F80-BA56-C2841F185CE0}"
EndProject
Project("{6EC3EE1D-3C4E-46DD-8F32-0CC8E7565705}") = "Day07", "Day07\Day07.fsproj", "{CF800C6C-F434-4730-909D-A05D5F872354}"
EndProject
Project("{6EC3EE1D-3C4E-46DD-8F32-0CC8E7565705}") = "Day08", "Day08\Day08.fsproj", "{72B0C278-89AF-4AD1-81D5-6EB22D36BCFD}"
EndProject
Project("{6EC3EE1D-3C4E-46DD-8F32-0CC8E7565705}") = "Day09", "Day09\Day09.fsproj", "{7D232A95-ABAA-4783-A8C6-20C3BD1D1AAE}"
EndProject
Project("{6EC3EE1D-3C4E-46DD-8F32-0CC8E7565705}") = "Day10", "Day10\Day10.fsproj", "{7DD17047-ED03-47EB-A422-D4A10E984718}"
EndProject
Project("{6EC3EE1D-3C4E-46DD-8F32-0CC8E7565705}") = "Day11", "Day11\Day11.fsproj", "{E29E2A59-D44B-44D0-BFB8-B7BA784B1A34}"
EndProject
Project("{6EC3EE1D-3C4E-46DD-8F32-0CC8E7565705}") = "Day12", "Day12\Day12.fsproj", "{13FB8F48-C343-4F07-AD61-0FA7D6799230}"
EndProject
Project("{6EC3EE1D-3C4E-46DD-8F32-0CC8E7565705}") = "Day13", "Day13\Day13.fsproj", "{9C6AC84E-0877-440A-8C46-6F28D98CD25A}"
EndProject
Project("{6EC3EE1D-3C4E-46DD-8F32-0CC8E7565705}") = "Day14", "Day14\Day14.fsproj", "{F96F9BA7-89FD-4233-9D0E-7AAF2B924D55}"
EndProject
Project("{6EC3EE1D-3C4E-46DD-8F32-0CC8E7565705}") = "Day15", "Day15\Day15.fsproj", "{BC569993-EA9B-4400-8CC5-8DB0BB8D787C}"
EndProject
Project("{6EC3EE1D-3C4E-46DD-8F32-0CC8E7565705}") = "Day16", "Day16\Day16.fsproj", "{ED9897DA-631E-41F5-8911-1126DCFF31D5}"
EndProject
Project("{6EC3EE1D-3C4E-46DD-8F32-0CC8E7565705}") = "Day17", "Day17\Day17.fsproj", "{62165A4E-7905-47D8-8061-60F54F85660E}"
EndProject
Project("{F2A71F9B-5D33-465A-A702-920D77279786}") = "Day18", "Day18\Day18.fsproj", "{844F5D4B-5ED2-4CA3-8375-E6638BD7F601}"
EndProject
Project("{F2A71F9B-5D33-465A-A702-920D77279786}") = "Day19", "Day19\Day19.fsproj", "{CD302D57-0062-44B1-970F-6D939B6E8365}"
EndProject
Global
	GlobalSection(SolutionConfigurationPlatforms) = preSolution
		Debug|Any CPU = Debug|Any CPU
		Debug|x64 = Debug|x64
		Debug|x86 = Debug|x86
		Release|Any CPU = Release|Any CPU
		Release|x64 = Release|x64
		Release|x86 = Release|x86
	EndGlobalSection
	GlobalSection(ProjectConfigurationPlatforms) = postSolution
		{40155A75-0748-4883-A697-EAAEF7F8524D}.Debug|Any CPU.ActiveCfg = Debug|Any CPU
		{40155A75-0748-4883-A697-EAAEF7F8524D}.Debug|Any CPU.Build.0 = Debug|Any CPU
		{40155A75-0748-4883-A697-EAAEF7F8524D}.Debug|x64.ActiveCfg = Debug|Any CPU
		{40155A75-0748-4883-A697-EAAEF7F8524D}.Debug|x64.Build.0 = Debug|Any CPU
		{40155A75-0748-4883-A697-EAAEF7F8524D}.Debug|x86.ActiveCfg = Debug|Any CPU
		{40155A75-0748-4883-A697-EAAEF7F8524D}.Debug|x86.Build.0 = Debug|Any CPU
		{40155A75-0748-4883-A697-EAAEF7F8524D}.Release|Any CPU.ActiveCfg = Release|Any CPU
		{40155A75-0748-4883-A697-EAAEF7F8524D}.Release|Any CPU.Build.0 = Release|Any CPU
		{40155A75-0748-4883-A697-EAAEF7F8524D}.Release|x64.ActiveCfg = Release|Any CPU
		{40155A75-0748-4883-A697-EAAEF7F8524D}.Release|x64.Build.0 = Release|Any CPU
		{40155A75-0748-4883-A697-EAAEF7F8524D}.Release|x86.ActiveCfg = Release|Any CPU
		{40155A75-0748-4883-A697-EAAEF7F8524D}.Release|x86.Build.0 = Release|Any CPU
		{043CF181-A86C-4189-82C7-A65B7073984D}.Debug|Any CPU.ActiveCfg = Debug|Any CPU
		{043CF181-A86C-4189-82C7-A65B7073984D}.Debug|Any CPU.Build.0 = Debug|Any CPU
		{043CF181-A86C-4189-82C7-A65B7073984D}.Debug|x64.ActiveCfg = Debug|Any CPU
		{043CF181-A86C-4189-82C7-A65B7073984D}.Debug|x64.Build.0 = Debug|Any CPU
		{043CF181-A86C-4189-82C7-A65B7073984D}.Debug|x86.ActiveCfg = Debug|Any CPU
		{043CF181-A86C-4189-82C7-A65B7073984D}.Debug|x86.Build.0 = Debug|Any CPU
		{043CF181-A86C-4189-82C7-A65B7073984D}.Release|Any CPU.ActiveCfg = Release|Any CPU
		{043CF181-A86C-4189-82C7-A65B7073984D}.Release|Any CPU.Build.0 = Release|Any CPU
		{043CF181-A86C-4189-82C7-A65B7073984D}.Release|x64.ActiveCfg = Release|Any CPU
		{043CF181-A86C-4189-82C7-A65B7073984D}.Release|x64.Build.0 = Release|Any CPU
		{043CF181-A86C-4189-82C7-A65B7073984D}.Release|x86.ActiveCfg = Release|Any CPU
		{043CF181-A86C-4189-82C7-A65B7073984D}.Release|x86.Build.0 = Release|Any CPU
		{6FA3CD4E-EC01-4502-AAC2-E9C5C1AF4B02}.Debug|Any CPU.ActiveCfg = Debug|Any CPU
		{6FA3CD4E-EC01-4502-AAC2-E9C5C1AF4B02}.Debug|Any CPU.Build.0 = Debug|Any CPU
		{6FA3CD4E-EC01-4502-AAC2-E9C5C1AF4B02}.Debug|x64.ActiveCfg = Debug|Any CPU
		{6FA3CD4E-EC01-4502-AAC2-E9C5C1AF4B02}.Debug|x64.Build.0 = Debug|Any CPU
		{6FA3CD4E-EC01-4502-AAC2-E9C5C1AF4B02}.Debug|x86.ActiveCfg = Debug|Any CPU
		{6FA3CD4E-EC01-4502-AAC2-E9C5C1AF4B02}.Debug|x86.Build.0 = Debug|Any CPU
		{6FA3CD4E-EC01-4502-AAC2-E9C5C1AF4B02}.Release|Any CPU.ActiveCfg = Release|Any CPU
		{6FA3CD4E-EC01-4502-AAC2-E9C5C1AF4B02}.Release|Any CPU.Build.0 = Release|Any CPU
		{6FA3CD4E-EC01-4502-AAC2-E9C5C1AF4B02}.Release|x64.ActiveCfg = Release|Any CPU
		{6FA3CD4E-EC01-4502-AAC2-E9C5C1AF4B02}.Release|x64.Build.0 = Release|Any CPU
		{6FA3CD4E-EC01-4502-AAC2-E9C5C1AF4B02}.Release|x86.ActiveCfg = Release|Any CPU
		{6FA3CD4E-EC01-4502-AAC2-E9C5C1AF4B02}.Release|x86.Build.0 = Release|Any CPU
		{23EDE976-38D8-4D39-BF08-D6EDEC90F23A}.Debug|Any CPU.ActiveCfg = Debug|Any CPU
		{23EDE976-38D8-4D39-BF08-D6EDEC90F23A}.Debug|Any CPU.Build.0 = Debug|Any CPU
		{23EDE976-38D8-4D39-BF08-D6EDEC90F23A}.Debug|x64.ActiveCfg = Debug|Any CPU
		{23EDE976-38D8-4D39-BF08-D6EDEC90F23A}.Debug|x64.Build.0 = Debug|Any CPU
		{23EDE976-38D8-4D39-BF08-D6EDEC90F23A}.Debug|x86.ActiveCfg = Debug|Any CPU
		{23EDE976-38D8-4D39-BF08-D6EDEC90F23A}.Debug|x86.Build.0 = Debug|Any CPU
		{23EDE976-38D8-4D39-BF08-D6EDEC90F23A}.Release|Any CPU.ActiveCfg = Release|Any CPU
		{23EDE976-38D8-4D39-BF08-D6EDEC90F23A}.Release|Any CPU.Build.0 = Release|Any CPU
		{23EDE976-38D8-4D39-BF08-D6EDEC90F23A}.Release|x64.ActiveCfg = Release|Any CPU
		{23EDE976-38D8-4D39-BF08-D6EDEC90F23A}.Release|x64.Build.0 = Release|Any CPU
		{23EDE976-38D8-4D39-BF08-D6EDEC90F23A}.Release|x86.ActiveCfg = Release|Any CPU
		{23EDE976-38D8-4D39-BF08-D6EDEC90F23A}.Release|x86.Build.0 = Release|Any CPU
		{66A1A1C3-9A53-4ADE-9570-9C451B2BFB3A}.Debug|Any CPU.ActiveCfg = Debug|Any CPU
		{66A1A1C3-9A53-4ADE-9570-9C451B2BFB3A}.Debug|Any CPU.Build.0 = Debug|Any CPU
		{66A1A1C3-9A53-4ADE-9570-9C451B2BFB3A}.Debug|x64.ActiveCfg = Debug|Any CPU
		{66A1A1C3-9A53-4ADE-9570-9C451B2BFB3A}.Debug|x64.Build.0 = Debug|Any CPU
		{66A1A1C3-9A53-4ADE-9570-9C451B2BFB3A}.Debug|x86.ActiveCfg = Debug|Any CPU
		{66A1A1C3-9A53-4ADE-9570-9C451B2BFB3A}.Debug|x86.Build.0 = Debug|Any CPU
		{66A1A1C3-9A53-4ADE-9570-9C451B2BFB3A}.Release|Any CPU.ActiveCfg = Release|Any CPU
		{66A1A1C3-9A53-4ADE-9570-9C451B2BFB3A}.Release|Any CPU.Build.0 = Release|Any CPU
		{66A1A1C3-9A53-4ADE-9570-9C451B2BFB3A}.Release|x64.ActiveCfg = Release|Any CPU
		{66A1A1C3-9A53-4ADE-9570-9C451B2BFB3A}.Release|x64.Build.0 = Release|Any CPU
		{66A1A1C3-9A53-4ADE-9570-9C451B2BFB3A}.Release|x86.ActiveCfg = Release|Any CPU
		{66A1A1C3-9A53-4ADE-9570-9C451B2BFB3A}.Release|x86.Build.0 = Release|Any CPU
		{BA036997-C794-475A-B44D-6648E8DE4A5F}.Debug|Any CPU.ActiveCfg = Debug|Any CPU
		{BA036997-C794-475A-B44D-6648E8DE4A5F}.Debug|Any CPU.Build.0 = Debug|Any CPU
		{BA036997-C794-475A-B44D-6648E8DE4A5F}.Debug|x64.ActiveCfg = Debug|Any CPU
		{BA036997-C794-475A-B44D-6648E8DE4A5F}.Debug|x64.Build.0 = Debug|Any CPU
		{BA036997-C794-475A-B44D-6648E8DE4A5F}.Debug|x86.ActiveCfg = Debug|Any CPU
		{BA036997-C794-475A-B44D-6648E8DE4A5F}.Debug|x86.Build.0 = Debug|Any CPU
		{BA036997-C794-475A-B44D-6648E8DE4A5F}.Release|Any CPU.ActiveCfg = Release|Any CPU
		{BA036997-C794-475A-B44D-6648E8DE4A5F}.Release|Any CPU.Build.0 = Release|Any CPU
		{BA036997-C794-475A-B44D-6648E8DE4A5F}.Release|x64.ActiveCfg = Release|Any CPU
		{BA036997-C794-475A-B44D-6648E8DE4A5F}.Release|x64.Build.0 = Release|Any CPU
		{BA036997-C794-475A-B44D-6648E8DE4A5F}.Release|x86.ActiveCfg = Release|Any CPU
		{BA036997-C794-475A-B44D-6648E8DE4A5F}.Release|x86.Build.0 = Release|Any CPU
		{0CD79E58-4D85-4A29-A98F-A91EFE328A54}.Debug|Any CPU.ActiveCfg = Debug|Any CPU
		{0CD79E58-4D85-4A29-A98F-A91EFE328A54}.Debug|Any CPU.Build.0 = Debug|Any CPU
		{0CD79E58-4D85-4A29-A98F-A91EFE328A54}.Debug|x64.ActiveCfg = Debug|Any CPU
		{0CD79E58-4D85-4A29-A98F-A91EFE328A54}.Debug|x64.Build.0 = Debug|Any CPU
		{0CD79E58-4D85-4A29-A98F-A91EFE328A54}.Debug|x86.ActiveCfg = Debug|Any CPU
		{0CD79E58-4D85-4A29-A98F-A91EFE328A54}.Debug|x86.Build.0 = Debug|Any CPU
		{0CD79E58-4D85-4A29-A98F-A91EFE328A54}.Release|Any CPU.ActiveCfg = Release|Any CPU
		{0CD79E58-4D85-4A29-A98F-A91EFE328A54}.Release|Any CPU.Build.0 = Release|Any CPU
		{0CD79E58-4D85-4A29-A98F-A91EFE328A54}.Release|x64.ActiveCfg = Release|Any CPU
		{0CD79E58-4D85-4A29-A98F-A91EFE328A54}.Release|x64.Build.0 = Release|Any CPU
		{0CD79E58-4D85-4A29-A98F-A91EFE328A54}.Release|x86.ActiveCfg = Release|Any CPU
		{0CD79E58-4D85-4A29-A98F-A91EFE328A54}.Release|x86.Build.0 = Release|Any CPU
		{BB976EC2-BEE4-4418-B75E-35397289B959}.Debug|Any CPU.ActiveCfg = Debug|Any CPU
		{BB976EC2-BEE4-4418-B75E-35397289B959}.Debug|Any CPU.Build.0 = Debug|Any CPU
		{BB976EC2-BEE4-4418-B75E-35397289B959}.Debug|x64.ActiveCfg = Debug|Any CPU
		{BB976EC2-BEE4-4418-B75E-35397289B959}.Debug|x64.Build.0 = Debug|Any CPU
		{BB976EC2-BEE4-4418-B75E-35397289B959}.Debug|x86.ActiveCfg = Debug|Any CPU
		{BB976EC2-BEE4-4418-B75E-35397289B959}.Debug|x86.Build.0 = Debug|Any CPU
		{BB976EC2-BEE4-4418-B75E-35397289B959}.Release|Any CPU.ActiveCfg = Release|Any CPU
		{BB976EC2-BEE4-4418-B75E-35397289B959}.Release|Any CPU.Build.0 = Release|Any CPU
		{BB976EC2-BEE4-4418-B75E-35397289B959}.Release|x64.ActiveCfg = Release|Any CPU
		{BB976EC2-BEE4-4418-B75E-35397289B959}.Release|x64.Build.0 = Release|Any CPU
		{BB976EC2-BEE4-4418-B75E-35397289B959}.Release|x86.ActiveCfg = Release|Any CPU
		{BB976EC2-BEE4-4418-B75E-35397289B959}.Release|x86.Build.0 = Release|Any CPU
		{E379F30C-AE3D-4A6E-A0C3-769B23CB2280}.Debug|Any CPU.ActiveCfg = Debug|Any CPU
		{E379F30C-AE3D-4A6E-A0C3-769B23CB2280}.Debug|Any CPU.Build.0 = Debug|Any CPU
		{E379F30C-AE3D-4A6E-A0C3-769B23CB2280}.Debug|x64.ActiveCfg = Debug|Any CPU
		{E379F30C-AE3D-4A6E-A0C3-769B23CB2280}.Debug|x64.Build.0 = Debug|Any CPU
		{E379F30C-AE3D-4A6E-A0C3-769B23CB2280}.Debug|x86.ActiveCfg = Debug|Any CPU
		{E379F30C-AE3D-4A6E-A0C3-769B23CB2280}.Debug|x86.Build.0 = Debug|Any CPU
		{E379F30C-AE3D-4A6E-A0C3-769B23CB2280}.Release|Any CPU.ActiveCfg = Release|Any CPU
		{E379F30C-AE3D-4A6E-A0C3-769B23CB2280}.Release|Any CPU.Build.0 = Release|Any CPU
		{E379F30C-AE3D-4A6E-A0C3-769B23CB2280}.Release|x64.ActiveCfg = Release|Any CPU
		{E379F30C-AE3D-4A6E-A0C3-769B23CB2280}.Release|x64.Build.0 = Release|Any CPU
		{E379F30C-AE3D-4A6E-A0C3-769B23CB2280}.Release|x86.ActiveCfg = Release|Any CPU
		{E379F30C-AE3D-4A6E-A0C3-769B23CB2280}.Release|x86.Build.0 = Release|Any CPU
		{A8464144-9B43-4F80-BA56-C2841F185CE0}.Debug|Any CPU.ActiveCfg = Debug|Any CPU
		{A8464144-9B43-4F80-BA56-C2841F185CE0}.Debug|Any CPU.Build.0 = Debug|Any CPU
		{A8464144-9B43-4F80-BA56-C2841F185CE0}.Debug|x64.ActiveCfg = Debug|Any CPU
		{A8464144-9B43-4F80-BA56-C2841F185CE0}.Debug|x64.Build.0 = Debug|Any CPU
		{A8464144-9B43-4F80-BA56-C2841F185CE0}.Debug|x86.ActiveCfg = Debug|Any CPU
		{A8464144-9B43-4F80-BA56-C2841F185CE0}.Debug|x86.Build.0 = Debug|Any CPU
		{A8464144-9B43-4F80-BA56-C2841F185CE0}.Release|Any CPU.ActiveCfg = Release|Any CPU
		{A8464144-9B43-4F80-BA56-C2841F185CE0}.Release|Any CPU.Build.0 = Release|Any CPU
		{A8464144-9B43-4F80-BA56-C2841F185CE0}.Release|x64.ActiveCfg = Release|Any CPU
		{A8464144-9B43-4F80-BA56-C2841F185CE0}.Release|x64.Build.0 = Release|Any CPU
		{A8464144-9B43-4F80-BA56-C2841F185CE0}.Release|x86.ActiveCfg = Release|Any CPU
		{A8464144-9B43-4F80-BA56-C2841F185CE0}.Release|x86.Build.0 = Release|Any CPU
		{CF800C6C-F434-4730-909D-A05D5F872354}.Debug|Any CPU.ActiveCfg = Debug|Any CPU
		{CF800C6C-F434-4730-909D-A05D5F872354}.Debug|Any CPU.Build.0 = Debug|Any CPU
		{CF800C6C-F434-4730-909D-A05D5F872354}.Debug|x64.ActiveCfg = Debug|Any CPU
		{CF800C6C-F434-4730-909D-A05D5F872354}.Debug|x64.Build.0 = Debug|Any CPU
		{CF800C6C-F434-4730-909D-A05D5F872354}.Debug|x86.ActiveCfg = Debug|Any CPU
		{CF800C6C-F434-4730-909D-A05D5F872354}.Debug|x86.Build.0 = Debug|Any CPU
		{CF800C6C-F434-4730-909D-A05D5F872354}.Release|Any CPU.ActiveCfg = Release|Any CPU
		{CF800C6C-F434-4730-909D-A05D5F872354}.Release|Any CPU.Build.0 = Release|Any CPU
		{CF800C6C-F434-4730-909D-A05D5F872354}.Release|x64.ActiveCfg = Release|Any CPU
		{CF800C6C-F434-4730-909D-A05D5F872354}.Release|x64.Build.0 = Release|Any CPU
		{CF800C6C-F434-4730-909D-A05D5F872354}.Release|x86.ActiveCfg = Release|Any CPU
		{CF800C6C-F434-4730-909D-A05D5F872354}.Release|x86.Build.0 = Release|Any CPU
		{72B0C278-89AF-4AD1-81D5-6EB22D36BCFD}.Debug|Any CPU.ActiveCfg = Debug|Any CPU
		{72B0C278-89AF-4AD1-81D5-6EB22D36BCFD}.Debug|Any CPU.Build.0 = Debug|Any CPU
		{72B0C278-89AF-4AD1-81D5-6EB22D36BCFD}.Debug|x64.ActiveCfg = Debug|Any CPU
		{72B0C278-89AF-4AD1-81D5-6EB22D36BCFD}.Debug|x64.Build.0 = Debug|Any CPU
		{72B0C278-89AF-4AD1-81D5-6EB22D36BCFD}.Debug|x86.ActiveCfg = Debug|Any CPU
		{72B0C278-89AF-4AD1-81D5-6EB22D36BCFD}.Debug|x86.Build.0 = Debug|Any CPU
		{72B0C278-89AF-4AD1-81D5-6EB22D36BCFD}.Release|Any CPU.ActiveCfg = Release|Any CPU
		{72B0C278-89AF-4AD1-81D5-6EB22D36BCFD}.Release|Any CPU.Build.0 = Release|Any CPU
		{72B0C278-89AF-4AD1-81D5-6EB22D36BCFD}.Release|x64.ActiveCfg = Release|Any CPU
		{72B0C278-89AF-4AD1-81D5-6EB22D36BCFD}.Release|x64.Build.0 = Release|Any CPU
		{72B0C278-89AF-4AD1-81D5-6EB22D36BCFD}.Release|x86.ActiveCfg = Release|Any CPU
		{72B0C278-89AF-4AD1-81D5-6EB22D36BCFD}.Release|x86.Build.0 = Release|Any CPU
		{7D232A95-ABAA-4783-A8C6-20C3BD1D1AAE}.Debug|Any CPU.ActiveCfg = Debug|Any CPU
		{7D232A95-ABAA-4783-A8C6-20C3BD1D1AAE}.Debug|Any CPU.Build.0 = Debug|Any CPU
		{7D232A95-ABAA-4783-A8C6-20C3BD1D1AAE}.Debug|x64.ActiveCfg = Debug|Any CPU
		{7D232A95-ABAA-4783-A8C6-20C3BD1D1AAE}.Debug|x64.Build.0 = Debug|Any CPU
		{7D232A95-ABAA-4783-A8C6-20C3BD1D1AAE}.Debug|x86.ActiveCfg = Debug|Any CPU
		{7D232A95-ABAA-4783-A8C6-20C3BD1D1AAE}.Debug|x86.Build.0 = Debug|Any CPU
		{7D232A95-ABAA-4783-A8C6-20C3BD1D1AAE}.Release|Any CPU.ActiveCfg = Release|Any CPU
		{7D232A95-ABAA-4783-A8C6-20C3BD1D1AAE}.Release|Any CPU.Build.0 = Release|Any CPU
		{7D232A95-ABAA-4783-A8C6-20C3BD1D1AAE}.Release|x64.ActiveCfg = Release|Any CPU
		{7D232A95-ABAA-4783-A8C6-20C3BD1D1AAE}.Release|x64.Build.0 = Release|Any CPU
		{7D232A95-ABAA-4783-A8C6-20C3BD1D1AAE}.Release|x86.ActiveCfg = Release|Any CPU
		{7D232A95-ABAA-4783-A8C6-20C3BD1D1AAE}.Release|x86.Build.0 = Release|Any CPU
		{7DD17047-ED03-47EB-A422-D4A10E984718}.Debug|Any CPU.ActiveCfg = Debug|Any CPU
		{7DD17047-ED03-47EB-A422-D4A10E984718}.Debug|Any CPU.Build.0 = Debug|Any CPU
		{7DD17047-ED03-47EB-A422-D4A10E984718}.Debug|x64.ActiveCfg = Debug|Any CPU
		{7DD17047-ED03-47EB-A422-D4A10E984718}.Debug|x64.Build.0 = Debug|Any CPU
		{7DD17047-ED03-47EB-A422-D4A10E984718}.Debug|x86.ActiveCfg = Debug|Any CPU
		{7DD17047-ED03-47EB-A422-D4A10E984718}.Debug|x86.Build.0 = Debug|Any CPU
		{7DD17047-ED03-47EB-A422-D4A10E984718}.Release|Any CPU.ActiveCfg = Release|Any CPU
		{7DD17047-ED03-47EB-A422-D4A10E984718}.Release|Any CPU.Build.0 = Release|Any CPU
		{7DD17047-ED03-47EB-A422-D4A10E984718}.Release|x64.ActiveCfg = Release|Any CPU
		{7DD17047-ED03-47EB-A422-D4A10E984718}.Release|x64.Build.0 = Release|Any CPU
		{7DD17047-ED03-47EB-A422-D4A10E984718}.Release|x86.ActiveCfg = Release|Any CPU
		{7DD17047-ED03-47EB-A422-D4A10E984718}.Release|x86.Build.0 = Release|Any CPU
		{E29E2A59-D44B-44D0-BFB8-B7BA784B1A34}.Debug|Any CPU.ActiveCfg = Debug|Any CPU
		{E29E2A59-D44B-44D0-BFB8-B7BA784B1A34}.Debug|Any CPU.Build.0 = Debug|Any CPU
		{E29E2A59-D44B-44D0-BFB8-B7BA784B1A34}.Debug|x64.ActiveCfg = Debug|Any CPU
		{E29E2A59-D44B-44D0-BFB8-B7BA784B1A34}.Debug|x64.Build.0 = Debug|Any CPU
		{E29E2A59-D44B-44D0-BFB8-B7BA784B1A34}.Debug|x86.ActiveCfg = Debug|Any CPU
		{E29E2A59-D44B-44D0-BFB8-B7BA784B1A34}.Debug|x86.Build.0 = Debug|Any CPU
		{E29E2A59-D44B-44D0-BFB8-B7BA784B1A34}.Release|Any CPU.ActiveCfg = Release|Any CPU
		{E29E2A59-D44B-44D0-BFB8-B7BA784B1A34}.Release|Any CPU.Build.0 = Release|Any CPU
		{E29E2A59-D44B-44D0-BFB8-B7BA784B1A34}.Release|x64.ActiveCfg = Release|Any CPU
		{E29E2A59-D44B-44D0-BFB8-B7BA784B1A34}.Release|x64.Build.0 = Release|Any CPU
		{E29E2A59-D44B-44D0-BFB8-B7BA784B1A34}.Release|x86.ActiveCfg = Release|Any CPU
		{E29E2A59-D44B-44D0-BFB8-B7BA784B1A34}.Release|x86.Build.0 = Release|Any CPU
		{13FB8F48-C343-4F07-AD61-0FA7D6799230}.Debug|Any CPU.ActiveCfg = Debug|Any CPU
		{13FB8F48-C343-4F07-AD61-0FA7D6799230}.Debug|Any CPU.Build.0 = Debug|Any CPU
		{13FB8F48-C343-4F07-AD61-0FA7D6799230}.Debug|x64.ActiveCfg = Debug|Any CPU
		{13FB8F48-C343-4F07-AD61-0FA7D6799230}.Debug|x64.Build.0 = Debug|Any CPU
		{13FB8F48-C343-4F07-AD61-0FA7D6799230}.Debug|x86.ActiveCfg = Debug|Any CPU
		{13FB8F48-C343-4F07-AD61-0FA7D6799230}.Debug|x86.Build.0 = Debug|Any CPU
		{13FB8F48-C343-4F07-AD61-0FA7D6799230}.Release|Any CPU.ActiveCfg = Release|Any CPU
		{13FB8F48-C343-4F07-AD61-0FA7D6799230}.Release|Any CPU.Build.0 = Release|Any CPU
		{13FB8F48-C343-4F07-AD61-0FA7D6799230}.Release|x64.ActiveCfg = Release|Any CPU
		{13FB8F48-C343-4F07-AD61-0FA7D6799230}.Release|x64.Build.0 = Release|Any CPU
		{13FB8F48-C343-4F07-AD61-0FA7D6799230}.Release|x86.ActiveCfg = Release|Any CPU
		{13FB8F48-C343-4F07-AD61-0FA7D6799230}.Release|x86.Build.0 = Release|Any CPU
		{9C6AC84E-0877-440A-8C46-6F28D98CD25A}.Debug|Any CPU.ActiveCfg = Debug|Any CPU
		{9C6AC84E-0877-440A-8C46-6F28D98CD25A}.Debug|Any CPU.Build.0 = Debug|Any CPU
		{9C6AC84E-0877-440A-8C46-6F28D98CD25A}.Debug|x64.ActiveCfg = Debug|Any CPU
		{9C6AC84E-0877-440A-8C46-6F28D98CD25A}.Debug|x64.Build.0 = Debug|Any CPU
		{9C6AC84E-0877-440A-8C46-6F28D98CD25A}.Debug|x86.ActiveCfg = Debug|Any CPU
		{9C6AC84E-0877-440A-8C46-6F28D98CD25A}.Debug|x86.Build.0 = Debug|Any CPU
		{9C6AC84E-0877-440A-8C46-6F28D98CD25A}.Release|Any CPU.ActiveCfg = Release|Any CPU
		{9C6AC84E-0877-440A-8C46-6F28D98CD25A}.Release|Any CPU.Build.0 = Release|Any CPU
		{9C6AC84E-0877-440A-8C46-6F28D98CD25A}.Release|x64.ActiveCfg = Release|Any CPU
		{9C6AC84E-0877-440A-8C46-6F28D98CD25A}.Release|x64.Build.0 = Release|Any CPU
		{9C6AC84E-0877-440A-8C46-6F28D98CD25A}.Release|x86.ActiveCfg = Release|Any CPU
		{9C6AC84E-0877-440A-8C46-6F28D98CD25A}.Release|x86.Build.0 = Release|Any CPU
		{F96F9BA7-89FD-4233-9D0E-7AAF2B924D55}.Debug|Any CPU.ActiveCfg = Debug|Any CPU
		{F96F9BA7-89FD-4233-9D0E-7AAF2B924D55}.Debug|Any CPU.Build.0 = Debug|Any CPU
		{F96F9BA7-89FD-4233-9D0E-7AAF2B924D55}.Debug|x64.ActiveCfg = Debug|Any CPU
		{F96F9BA7-89FD-4233-9D0E-7AAF2B924D55}.Debug|x64.Build.0 = Debug|Any CPU
		{F96F9BA7-89FD-4233-9D0E-7AAF2B924D55}.Debug|x86.ActiveCfg = Debug|Any CPU
		{F96F9BA7-89FD-4233-9D0E-7AAF2B924D55}.Debug|x86.Build.0 = Debug|Any CPU
		{F96F9BA7-89FD-4233-9D0E-7AAF2B924D55}.Release|Any CPU.ActiveCfg = Release|Any CPU
		{F96F9BA7-89FD-4233-9D0E-7AAF2B924D55}.Release|Any CPU.Build.0 = Release|Any CPU
		{F96F9BA7-89FD-4233-9D0E-7AAF2B924D55}.Release|x64.ActiveCfg = Release|Any CPU
		{F96F9BA7-89FD-4233-9D0E-7AAF2B924D55}.Release|x64.Build.0 = Release|Any CPU
		{F96F9BA7-89FD-4233-9D0E-7AAF2B924D55}.Release|x86.ActiveCfg = Release|Any CPU
		{F96F9BA7-89FD-4233-9D0E-7AAF2B924D55}.Release|x86.Build.0 = Release|Any CPU
		{BC569993-EA9B-4400-8CC5-8DB0BB8D787C}.Debug|Any CPU.ActiveCfg = Debug|Any CPU
		{BC569993-EA9B-4400-8CC5-8DB0BB8D787C}.Debug|Any CPU.Build.0 = Debug|Any CPU
		{BC569993-EA9B-4400-8CC5-8DB0BB8D787C}.Debug|x64.ActiveCfg = Debug|Any CPU
		{BC569993-EA9B-4400-8CC5-8DB0BB8D787C}.Debug|x64.Build.0 = Debug|Any CPU
		{BC569993-EA9B-4400-8CC5-8DB0BB8D787C}.Debug|x86.ActiveCfg = Debug|Any CPU
		{BC569993-EA9B-4400-8CC5-8DB0BB8D787C}.Debug|x86.Build.0 = Debug|Any CPU
		{BC569993-EA9B-4400-8CC5-8DB0BB8D787C}.Release|Any CPU.ActiveCfg = Release|Any CPU
		{BC569993-EA9B-4400-8CC5-8DB0BB8D787C}.Release|Any CPU.Build.0 = Release|Any CPU
		{BC569993-EA9B-4400-8CC5-8DB0BB8D787C}.Release|x64.ActiveCfg = Release|Any CPU
		{BC569993-EA9B-4400-8CC5-8DB0BB8D787C}.Release|x64.Build.0 = Release|Any CPU
		{BC569993-EA9B-4400-8CC5-8DB0BB8D787C}.Release|x86.ActiveCfg = Release|Any CPU
		{BC569993-EA9B-4400-8CC5-8DB0BB8D787C}.Release|x86.Build.0 = Release|Any CPU
		{ED9897DA-631E-41F5-8911-1126DCFF31D5}.Debug|Any CPU.ActiveCfg = Debug|Any CPU
		{ED9897DA-631E-41F5-8911-1126DCFF31D5}.Debug|Any CPU.Build.0 = Debug|Any CPU
		{ED9897DA-631E-41F5-8911-1126DCFF31D5}.Debug|x64.ActiveCfg = Debug|Any CPU
		{ED9897DA-631E-41F5-8911-1126DCFF31D5}.Debug|x64.Build.0 = Debug|Any CPU
		{ED9897DA-631E-41F5-8911-1126DCFF31D5}.Debug|x86.ActiveCfg = Debug|Any CPU
		{ED9897DA-631E-41F5-8911-1126DCFF31D5}.Debug|x86.Build.0 = Debug|Any CPU
		{ED9897DA-631E-41F5-8911-1126DCFF31D5}.Release|Any CPU.ActiveCfg = Release|Any CPU
		{ED9897DA-631E-41F5-8911-1126DCFF31D5}.Release|Any CPU.Build.0 = Release|Any CPU
		{ED9897DA-631E-41F5-8911-1126DCFF31D5}.Release|x64.ActiveCfg = Release|Any CPU
		{ED9897DA-631E-41F5-8911-1126DCFF31D5}.Release|x64.Build.0 = Release|Any CPU
		{ED9897DA-631E-41F5-8911-1126DCFF31D5}.Release|x86.ActiveCfg = Release|Any CPU
		{ED9897DA-631E-41F5-8911-1126DCFF31D5}.Release|x86.Build.0 = Release|Any CPU
		{62165A4E-7905-47D8-8061-60F54F85660E}.Debug|Any CPU.ActiveCfg = Debug|Any CPU
		{62165A4E-7905-47D8-8061-60F54F85660E}.Debug|Any CPU.Build.0 = Debug|Any CPU
		{62165A4E-7905-47D8-8061-60F54F85660E}.Debug|x64.ActiveCfg = Debug|Any CPU
		{62165A4E-7905-47D8-8061-60F54F85660E}.Debug|x64.Build.0 = Debug|Any CPU
		{62165A4E-7905-47D8-8061-60F54F85660E}.Debug|x86.ActiveCfg = Debug|Any CPU
		{62165A4E-7905-47D8-8061-60F54F85660E}.Debug|x86.Build.0 = Debug|Any CPU
		{62165A4E-7905-47D8-8061-60F54F85660E}.Release|Any CPU.ActiveCfg = Release|Any CPU
		{62165A4E-7905-47D8-8061-60F54F85660E}.Release|Any CPU.Build.0 = Release|Any CPU
		{62165A4E-7905-47D8-8061-60F54F85660E}.Release|x64.ActiveCfg = Release|Any CPU
		{62165A4E-7905-47D8-8061-60F54F85660E}.Release|x64.Build.0 = Release|Any CPU
		{62165A4E-7905-47D8-8061-60F54F85660E}.Release|x86.ActiveCfg = Release|Any CPU
		{62165A4E-7905-47D8-8061-60F54F85660E}.Release|x86.Build.0 = Release|Any CPU
		{844F5D4B-5ED2-4CA3-8375-E6638BD7F601}.Debug|Any CPU.ActiveCfg = Debug|Any CPU
		{844F5D4B-5ED2-4CA3-8375-E6638BD7F601}.Debug|Any CPU.Build.0 = Debug|Any CPU
		{844F5D4B-5ED2-4CA3-8375-E6638BD7F601}.Debug|x64.ActiveCfg = Debug|Any CPU
		{844F5D4B-5ED2-4CA3-8375-E6638BD7F601}.Debug|x64.Build.0 = Debug|Any CPU
		{844F5D4B-5ED2-4CA3-8375-E6638BD7F601}.Debug|x86.ActiveCfg = Debug|Any CPU
		{844F5D4B-5ED2-4CA3-8375-E6638BD7F601}.Debug|x86.Build.0 = Debug|Any CPU
		{844F5D4B-5ED2-4CA3-8375-E6638BD7F601}.Release|Any CPU.ActiveCfg = Release|Any CPU
		{844F5D4B-5ED2-4CA3-8375-E6638BD7F601}.Release|Any CPU.Build.0 = Release|Any CPU
		{844F5D4B-5ED2-4CA3-8375-E6638BD7F601}.Release|x64.ActiveCfg = Release|Any CPU
		{844F5D4B-5ED2-4CA3-8375-E6638BD7F601}.Release|x64.Build.0 = Release|Any CPU
		{844F5D4B-5ED2-4CA3-8375-E6638BD7F601}.Release|x86.ActiveCfg = Release|Any CPU
		{844F5D4B-5ED2-4CA3-8375-E6638BD7F601}.Release|x86.Build.0 = Release|Any CPU
		{CD302D57-0062-44B1-970F-6D939B6E8365}.Debug|Any CPU.ActiveCfg = Debug|Any CPU
		{CD302D57-0062-44B1-970F-6D939B6E8365}.Debug|Any CPU.Build.0 = Debug|Any CPU
		{CD302D57-0062-44B1-970F-6D939B6E8365}.Debug|x64.ActiveCfg = Debug|Any CPU
		{CD302D57-0062-44B1-970F-6D939B6E8365}.Debug|x64.Build.0 = Debug|Any CPU
		{CD302D57-0062-44B1-970F-6D939B6E8365}.Debug|x86.ActiveCfg = Debug|Any CPU
		{CD302D57-0062-44B1-970F-6D939B6E8365}.Debug|x86.Build.0 = Debug|Any CPU
		{CD302D57-0062-44B1-970F-6D939B6E8365}.Release|Any CPU.ActiveCfg = Release|Any CPU
		{CD302D57-0062-44B1-970F-6D939B6E8365}.Release|Any CPU.Build.0 = Release|Any CPU
		{CD302D57-0062-44B1-970F-6D939B6E8365}.Release|x64.ActiveCfg = Release|Any CPU
		{CD302D57-0062-44B1-970F-6D939B6E8365}.Release|x64.Build.0 = Release|Any CPU
		{CD302D57-0062-44B1-970F-6D939B6E8365}.Release|x86.ActiveCfg = Release|Any CPU
		{CD302D57-0062-44B1-970F-6D939B6E8365}.Release|x86.Build.0 = Release|Any CPU
	EndGlobalSection
	GlobalSection(SolutionProperties) = preSolution
		HideSolutionNode = FALSE
	EndGlobalSection
	GlobalSection(ExtensibilityGlobals) = postSolution
		SolutionGuid = {47E2479B-D8B4-4740-87B3-231779AA2908}
	EndGlobalSection
EndGlobal
