
Microsoft Visual Studio Solution File, Format Version 12.00
# Visual Studio Version 17
VisualStudioVersion = 17.0.31903.59
MinimumVisualStudioVersion = 10.0.40219.1
Project("{FAE04EC0-301F-11D3-BF4B-00C04F79EFBC}") = "AdventOfCode.Common", "AdventOfCode.Common\AdventOfCode.Common.csproj", "{04125BC1-F497-4898-A217-C0991824FC21}"
EndProject
Project("{FAE04EC0-301F-11D3-BF4B-00C04F79EFBC}") = "AdventOfCode.Common.Test", "AdventOfCode.Common.Test\AdventOfCode.Common.Test.csproj", "{3D63F9E8-D17A-4513-8C72-CE0BE87E6BA6}"
EndProject
Project("{FAE04EC0-301F-11D3-BF4B-00C04F79EFBC}") = "AdventOfCode2020", "AdventOfCode2020\AdventOfCode2020.csproj", "{054E6333-A0C1-4C13-8DC5-FA6F193D6C26}"
EndProject
Global
	GlobalSection(SolutionConfigurationPlatforms) = preSolution
		Debug|Any CPU = Debug|Any CPU
		Release|Any CPU = Release|Any CPU
	EndGlobalSection
	GlobalSection(SolutionProperties) = preSolution
		HideSolutionNode = FALSE
	EndGlobalSection
	GlobalSection(ProjectConfigurationPlatforms) = postSolution
		{04125BC1-F497-4898-A217-C0991824FC21}.Debug|Any CPU.ActiveCfg = Debug|Any CPU
		{04125BC1-F497-4898-A217-C0991824FC21}.Debug|Any CPU.Build.0 = Debug|Any CPU
		{04125BC1-F497-4898-A217-C0991824FC21}.Release|Any CPU.ActiveCfg = Release|Any CPU
		{04125BC1-F497-4898-A217-C0991824FC21}.Release|Any CPU.Build.0 = Release|Any CPU
		{3D63F9E8-D17A-4513-8C72-CE0BE87E6BA6}.Debug|Any CPU.ActiveCfg = Debug|Any CPU
		{3D63F9E8-D17A-4513-8C72-CE0BE87E6BA6}.Debug|Any CPU.Build.0 = Debug|Any CPU
		{3D63F9E8-D17A-4513-8C72-CE0BE87E6BA6}.Release|Any CPU.ActiveCfg = Release|Any CPU
		{3D63F9E8-D17A-4513-8C72-CE0BE87E6BA6}.Release|Any CPU.Build.0 = Release|Any CPU
		{054E6333-A0C1-4C13-8DC5-FA6F193D6C26}.Debug|Any CPU.ActiveCfg = Debug|Any CPU
		{054E6333-A0C1-4C13-8DC5-FA6F193D6C26}.Debug|Any CPU.Build.0 = Debug|Any CPU
		{054E6333-A0C1-4C13-8DC5-FA6F193D6C26}.Release|Any CPU.ActiveCfg = Release|Any CPU
		{054E6333-A0C1-4C13-8DC5-FA6F193D6C26}.Release|Any CPU.Build.0 = Release|Any CPU
	EndGlobalSection
EndGlobal
