
Microsoft Visual Studio Solution File, Format Version 12.00
Project("{FAE04EC0-301F-11D3-BF4B-00C04F79EFBC}") = "AdventOfCode2020", "AdventOfCode2020.csproj", "{4777A53C-E2C9-4773-BC16-F4E61FEF1E5F}"
EndProject
Global
	GlobalSection(SolutionConfigurationPlatforms) = preSolution
		Debug|Any CPU = Debug|Any CPU
		Release|Any CPU = Release|Any CPU
	EndGlobalSection
	GlobalSection(ProjectConfigurationPlatforms) = postSolution
		{4777A53C-E2C9-4773-BC16-F4E61FEF1E5F}.Debug|Any CPU.ActiveCfg = Debug|Any CPU
		{4777A53C-E2C9-4773-BC16-F4E61FEF1E5F}.Debug|Any CPU.Build.0 = Debug|Any CPU
		{4777A53C-E2C9-4773-BC16-F4E61FEF1E5F}.Release|Any CPU.ActiveCfg = Release|Any CPU
		{4777A53C-E2C9-4773-BC16-F4E61FEF1E5F}.Release|Any CPU.Build.0 = Release|Any CPU
	EndGlobalSection
EndGlobal
